
Microsoft Visual Studio Solution File, Format Version 12.00
# Visual Studio Version 16
VisualStudioVersion = 16.0.29920.165
MinimumVisualStudioVersion = 10.0.40219.1
Project("{FAE04EC0-301F-11D3-BF4B-00C04F79EFBC}") = "SC20260_JSON_TinyCLR", "SC20260_JSON_TinyCLR\SC20260_JSON_TinyCLR.csproj", "{AAC03C4B-39DD-4BF9-B0FA-056A00F13BAF}"
EndProject
Global
	GlobalSection(SolutionConfigurationPlatforms) = preSolution
		Debug|Any CPU = Debug|Any CPU
		Release|Any CPU = Release|Any CPU
	EndGlobalSection
	GlobalSection(ProjectConfigurationPlatforms) = postSolution
		{AAC03C4B-39DD-4BF9-B0FA-056A00F13BAF}.Debug|Any CPU.ActiveCfg = Debug|Any CPU
		{AAC03C4B-39DD-4BF9-B0FA-056A00F13BAF}.Debug|Any CPU.Build.0 = Debug|Any CPU
		{AAC03C4B-39DD-4BF9-B0FA-056A00F13BAF}.Debug|Any CPU.Deploy.0 = Debug|Any CPU
		{AAC03C4B-39DD-4BF9-B0FA-056A00F13BAF}.Release|Any CPU.ActiveCfg = Release|Any CPU
		{AAC03C4B-39DD-4BF9-B0FA-056A00F13BAF}.Release|Any CPU.Build.0 = Release|Any CPU
		{AAC03C4B-39DD-4BF9-B0FA-056A00F13BAF}.Release|Any CPU.Deploy.0 = Release|Any CPU
	EndGlobalSection
	GlobalSection(SolutionProperties) = preSolution
		HideSolutionNode = FALSE
	EndGlobalSection
	GlobalSection(ExtensibilityGlobals) = postSolution
		SolutionGuid = {0FCF0C5C-35F1-4012-AAAF-5D15DB17777E}
	EndGlobalSection
EndGlobal
